{
  "nodes": {
    "denbeigh": {
      "inputs": {
        "flake-utils": "flake-utils",
        "nixpkgs": [
          "nixpkgs"
        ],
        "rust-overlay": "rust-overlay"
      },
      "locked": {
        "lastModified": 1705797409,
        "narHash": "sha256-eyvj9aIbH4YRzD+BTZj+d0DAQQH2FrgBvZEhherHL3M=",
        "owner": "denbeigh2000",
        "repo": "nix-dev",
        "rev": "b22ac556ce62b1b6fc0e9e7a6012bd2cac690e1b",
        "type": "github"
      },
      "original": {
        "owner": "denbeigh2000",
        "repo": "nix-dev",
        "type": "github"
      }
    },
    "denbeigh-ci": {
      "inputs": {
        "flake-utils": [
          "flake-utils"
        ],
        "naersk": "naersk",
        "nixpkgs": [
          "nixpkgs"
        ],
        "rust-overlay": "rust-overlay_2"
      },
      "locked": {
        "lastModified": 1711908364,
        "narHash": "sha256-q9PxtuL+1s8nUSQzXOa3OiSSq4EcKAXXsygXfCP96hI=",
        "owner": "denbeigh2000",
        "repo": "ci",
        "rev": "0d6933a56c23cc227e5c91e810b275213768839a",
        "type": "github"
      },
      "original": {
        "owner": "denbeigh2000",
        "repo": "ci",
        "type": "github"
      }
    },
    "flake-utils": {
      "inputs": {
        "systems": "systems"
      },
      "locked": {
        "lastModified": 1705309234,
        "narHash": "sha256-uNRRNRKmJyCRC/8y1RqBkqWBLM034y4qN7EprSdmgyA=",
        "owner": "numtide",
        "repo": "flake-utils",
        "rev": "1ef2e671c3b0c19053962c07dbda38332dcebf26",
        "type": "github"
      },
      "original": {
        "owner": "numtide",
        "repo": "flake-utils",
        "type": "github"
      }
    },
    "flake-utils_2": {
      "inputs": {
        "systems": "systems_2"
      },
      "locked": {
        "lastModified": 1705309234,
        "narHash": "sha256-uNRRNRKmJyCRC/8y1RqBkqWBLM034y4qN7EprSdmgyA=",
        "owner": "numtide",
        "repo": "flake-utils",
        "rev": "1ef2e671c3b0c19053962c07dbda38332dcebf26",
        "type": "github"
      },
      "original": {
        "owner": "numtide",
        "repo": "flake-utils",
        "type": "github"
      }
    },
    "naersk": {
      "inputs": {
        "nixpkgs": [
          "denbeigh-ci",
          "nixpkgs"
        ]
      },
      "locked": {
        "lastModified": 1698420672,
        "narHash": "sha256-/TdeHMPRjjdJub7p7+w55vyABrsJlt5QkznPYy55vKA=",
        "owner": "nix-community",
        "repo": "naersk",
        "rev": "aeb58d5e8faead8980a807c840232697982d47b9",
        "type": "github"
      },
      "original": {
        "owner": "nix-community",
        "repo": "naersk",
        "type": "github"
      }
    },
    "nixpkgs": {
      "locked": {
        "lastModified": 1705697961,
        "narHash": "sha256-XepT3WS516evSFYkme3GrcI3+7uwXHqtHbip+t24J7E=",
        "owner": "nixos",
        "repo": "nixpkgs",
        "rev": "e5d1c87f5813afde2dda384ac807c57a105721cc",
        "type": "github"
      },
      "original": {
        "owner": "nixos",
        "ref": "nixpkgs-unstable",
        "repo": "nixpkgs",
        "type": "github"
      }
    },
    "root": {
      "inputs": {
        "denbeigh": "denbeigh",
        "denbeigh-ci": "denbeigh-ci",
        "flake-utils": "flake-utils_2",
        "nixpkgs": "nixpkgs"
      }
    },
    "rust-overlay": {
      "inputs": {
        "flake-utils": [
          "denbeigh",
          "flake-utils"
        ],
        "nixpkgs": [
          "denbeigh",
          "nixpkgs"
        ]
      },
      "locked": {
        "lastModified": 1705716951,
        "narHash": "sha256-Yp4EkRWoXX57a7hDyx6xJDTtl0h1WRFdRlp9SejPPOQ=",
        "owner": "oxalica",
        "repo": "rust-overlay",
        "rev": "612b6a974cb921fe7aa4cafd54f4f5f899b19173",
        "type": "github"
      },
      "original": {
        "owner": "oxalica",
        "repo": "rust-overlay",
        "type": "github"
      }
    },
    "rust-overlay_2": {
      "inputs": {
        "flake-utils": [
          "denbeigh-ci",
          "flake-utils"
        ],
        "nixpkgs": [
          "denbeigh-ci",
          "nixpkgs"
        ]
      },
      "locked": {
        "lastModified": 1711159876,
        "narHash": "sha256-FqulGFAxIdc1Sku4Hm0c47wxri5OE/z5FTsUI9epeJA=",
        "owner": "oxalica",
        "repo": "rust-overlay",
        "rev": "6529a7975b893c17318cbdd351c771cb8d2c1dcb",
        "type": "github"
      },
      "original": {
        "owner": "oxalica",
        "repo": "rust-overlay",
        "type": "github"
      }
    },
    "systems": {
      "locked": {
        "lastModified": 1681028828,
        "narHash": "sha256-Vy1rq5AaRuLzOxct8nz4T6wlgyUR7zLU309k9mBC768=",
        "owner": "nix-systems",
        "repo": "default",
        "rev": "da67096a3b9bf56a91d16901293e51ba5b49a27e",
        "type": "github"
      },
      "original": {
        "owner": "nix-systems",
        "repo": "default",
        "type": "github"
      }
    },
    "systems_2": {
      "locked": {
        "lastModified": 1681028828,
        "narHash": "sha256-Vy1rq5AaRuLzOxct8nz4T6wlgyUR7zLU309k9mBC768=",
        "owner": "nix-systems",
        "repo": "default",
        "rev": "da67096a3b9bf56a91d16901293e51ba5b49a27e",
        "type": "github"
      },
      "original": {
        "owner": "nix-systems",
        "repo": "default",
        "type": "github"
      }
    }
  },
  "root": "root",
  "version": 7
}
